
Microsoft Visual Studio Solution File, Format Version 12.00
# Visual Studio 2013
VisualStudioVersion = 12.0.31101.0
MinimumVisualStudioVersion = 10.0.40219.1
Project("{FAE04EC0-301F-11D3-BF4B-00C04F79EFBC}") = "controlColegio.UI", "controlColegio\controlColegio.UI.csproj", "{ADC97D3C-AEE6-4965-87FB-5B796C8D008E}"
EndProject
Project("{FAE04EC0-301F-11D3-BF4B-00C04F79EFBC}") = "controlColegio.MODEL", "controlColegio.MODEL\controlColegio.MODEL.csproj", "{5DD518A1-AE93-4894-BACA-A753CEBCB5DB}"
EndProject
Project("{2150E333-8FDC-42A3-9474-1A3956D46DE8}") = ".nuget", ".nuget", "{4BA9F7E1-F084-4531-86C1-23E0DEAB925E}"
	ProjectSection(SolutionItems) = preProject
		.nuget\NuGet.Config = .nuget\NuGet.Config
		.nuget\NuGet.exe = .nuget\NuGet.exe
		.nuget\NuGet.targets = .nuget\NuGet.targets
	EndProjectSection
EndProject
Project("{FAE04EC0-301F-11D3-BF4B-00C04F79EFBC}") = "controlColegio.DATOS", "controlColegio.DATOS\controlColegio.DATOS.csproj", "{D4747AB3-C71A-4794-80EE-44C89B4FBD67}"
EndProject
Global
	GlobalSection(SolutionConfigurationPlatforms) = preSolution
		Debug|Any CPU = Debug|Any CPU
		Release|Any CPU = Release|Any CPU
	EndGlobalSection
	GlobalSection(ProjectConfigurationPlatforms) = postSolution
		{ADC97D3C-AEE6-4965-87FB-5B796C8D008E}.Debug|Any CPU.ActiveCfg = Debug|Any CPU
		{ADC97D3C-AEE6-4965-87FB-5B796C8D008E}.Debug|Any CPU.Build.0 = Debug|Any CPU
		{ADC97D3C-AEE6-4965-87FB-5B796C8D008E}.Release|Any CPU.ActiveCfg = Release|Any CPU
		{ADC97D3C-AEE6-4965-87FB-5B796C8D008E}.Release|Any CPU.Build.0 = Release|Any CPU
		{5DD518A1-AE93-4894-BACA-A753CEBCB5DB}.Debug|Any CPU.ActiveCfg = Debug|Any CPU
		{5DD518A1-AE93-4894-BACA-A753CEBCB5DB}.Debug|Any CPU.Build.0 = Debug|Any CPU
		{5DD518A1-AE93-4894-BACA-A753CEBCB5DB}.Release|Any CPU.ActiveCfg = Release|Any CPU
		{5DD518A1-AE93-4894-BACA-A753CEBCB5DB}.Release|Any CPU.Build.0 = Release|Any CPU
		{D4747AB3-C71A-4794-80EE-44C89B4FBD67}.Debug|Any CPU.ActiveCfg = Debug|Any CPU
		{D4747AB3-C71A-4794-80EE-44C89B4FBD67}.Debug|Any CPU.Build.0 = Debug|Any CPU
		{D4747AB3-C71A-4794-80EE-44C89B4FBD67}.Release|Any CPU.ActiveCfg = Release|Any CPU
		{D4747AB3-C71A-4794-80EE-44C89B4FBD67}.Release|Any CPU.Build.0 = Release|Any CPU
	EndGlobalSection
	GlobalSection(SolutionProperties) = preSolution
		HideSolutionNode = FALSE
	EndGlobalSection
EndGlobal
